
Microsoft Visual Studio Solution File, Format Version 12.00
# Visual Studio Version 16
VisualStudioVersion = 16.0.31205.134
MinimumVisualStudioVersion = 10.0.40219.1
Project("{9A19103F-16F7-4668-BE54-9A1E7A4F7556}") = "Step_ONE", "Step_ONE\Step_ONE.csproj", "{81C6B5E0-2D78-41B0-9269-8A9B3A24C547}"
EndProject
Project("{FAE04EC0-301F-11D3-BF4B-00C04F79EFBC}") = "Step_ONE_Program_2", "Step_ONE_Program_2\Step_ONE_Program_2.csproj", "{7CF6ADE6-8F44-449F-9AEC-A851C62D399E}"
EndProject
Global
	GlobalSection(SolutionConfigurationPlatforms) = preSolution
		Debug|Any CPU = Debug|Any CPU
		Release|Any CPU = Release|Any CPU
	EndGlobalSection
	GlobalSection(ProjectConfigurationPlatforms) = postSolution
		{81C6B5E0-2D78-41B0-9269-8A9B3A24C547}.Debug|Any CPU.ActiveCfg = Debug|Any CPU
		{81C6B5E0-2D78-41B0-9269-8A9B3A24C547}.Debug|Any CPU.Build.0 = Debug|Any CPU
		{81C6B5E0-2D78-41B0-9269-8A9B3A24C547}.Release|Any CPU.ActiveCfg = Release|Any CPU
		{81C6B5E0-2D78-41B0-9269-8A9B3A24C547}.Release|Any CPU.Build.0 = Release|Any CPU
		{7CF6ADE6-8F44-449F-9AEC-A851C62D399E}.Debug|Any CPU.ActiveCfg = Debug|Any CPU
		{7CF6ADE6-8F44-449F-9AEC-A851C62D399E}.Debug|Any CPU.Build.0 = Debug|Any CPU
		{7CF6ADE6-8F44-449F-9AEC-A851C62D399E}.Release|Any CPU.ActiveCfg = Release|Any CPU
		{7CF6ADE6-8F44-449F-9AEC-A851C62D399E}.Release|Any CPU.Build.0 = Release|Any CPU
	EndGlobalSection
	GlobalSection(SolutionProperties) = preSolution
		HideSolutionNode = FALSE
	EndGlobalSection
	GlobalSection(ExtensibilityGlobals) = postSolution
		SolutionGuid = {FB9218C8-C39D-43D8-9AEC-C1467937ABE0}
	EndGlobalSection
EndGlobal
